
Microsoft Visual Studio Solution File, Format Version 12.00
# Visual Studio Version 16
VisualStudioVersion = 16.0.29709.97
MinimumVisualStudioVersion = 10.0.40219.1
Project("{FAE04EC0-301F-11D3-BF4B-00C04F79EFBC}") = "Sudoku.App", "Sudoku.App\Sudoku.App.csproj", "{0149EE04-36EF-4460-BEF7-D11A25387A45}"
EndProject
Project("{FAE04EC0-301F-11D3-BF4B-00C04F79EFBC}") = "Sudoku.ControlLib", "Sudoku.ControlLib\Sudoku.ControlLib.csproj", "{A4393EE7-A3D3-43A7-8ADE-183A6E4F2AF3}"
EndProject
Project("{2150E333-8FDC-42A3-9474-1A3956D46DE8}") = "Readme", "Readme", "{523CE761-7E47-4EFC-9C3A-EADC36741C48}"
	ProjectSection(SolutionItems) = preProject
		Readme.md = Readme.md
	EndProjectSection
EndProject
Global
	GlobalSection(SolutionConfigurationPlatforms) = preSolution
		Debug|Any CPU = Debug|Any CPU
		Release|Any CPU = Release|Any CPU
	EndGlobalSection
	GlobalSection(ProjectConfigurationPlatforms) = postSolution
		{0149EE04-36EF-4460-BEF7-D11A25387A45}.Debug|Any CPU.ActiveCfg = Debug|Any CPU
		{0149EE04-36EF-4460-BEF7-D11A25387A45}.Debug|Any CPU.Build.0 = Debug|Any CPU
		{0149EE04-36EF-4460-BEF7-D11A25387A45}.Release|Any CPU.ActiveCfg = Release|Any CPU
		{0149EE04-36EF-4460-BEF7-D11A25387A45}.Release|Any CPU.Build.0 = Release|Any CPU
		{A4393EE7-A3D3-43A7-8ADE-183A6E4F2AF3}.Debug|Any CPU.ActiveCfg = Debug|Any CPU
		{A4393EE7-A3D3-43A7-8ADE-183A6E4F2AF3}.Debug|Any CPU.Build.0 = Debug|Any CPU
		{A4393EE7-A3D3-43A7-8ADE-183A6E4F2AF3}.Release|Any CPU.ActiveCfg = Release|Any CPU
		{A4393EE7-A3D3-43A7-8ADE-183A6E4F2AF3}.Release|Any CPU.Build.0 = Release|Any CPU
	EndGlobalSection
	GlobalSection(SolutionProperties) = preSolution
		HideSolutionNode = FALSE
	EndGlobalSection
	GlobalSection(ExtensibilityGlobals) = postSolution
		SolutionGuid = {6B01ADBB-A227-4BE4-B1E6-913CADED0BBE}
	EndGlobalSection
EndGlobal
